crawshaw.io/iox v0.0.0-20181124134642-c51c3df30797/go.mod h1:sXBiorCo8c46JlQV3oXPKINnZ8mcqnye1EkVkqsectk=
crawshaw.io/sqlite v0.3.2 h1:N6IzTjkiw9FItHAa0jp+ZKC6tuLzXqAYIv+ccIWos1I=
crawshaw.io/sqlite v0.3.2/go.mod h1:igAO5JulrQ1DbdZdtVq48mnZUBAPOeFzer7VhDWNtW4=
github.com/creachadair/atomicfile v0.2.8 h1:koFZzO/Byf4wRJIf1cvLmlXI7QPnR+pLushHhtTdXB8=
github.com/creachadair/atomicfile v0.2.8/go.mod h1:Tb31RroXn8ESlNsY/FzDFoKSL1mzdHemTDNL9V1Ml4M=
github.com/google/go-cmp v0.5.9 h1:O2Tfq5qg4qc4AmwVlvv0oLiVAGB7enBSJ2x2DqQFi38=
github.com/google/go-cmp v0.5.9/go.mod h1:17dUlkBOakJ0+DkrSSNjCkIjxS6bF9zb3elmeNGIjoY=
golang.org/x/crypto v0.8.0 h1:pd9TJtTueMTVQXzk8E2XESSMQDj/U7OUu0PqJqPXQjQ=
golang.org/x/crypto v0.8.0/go.mod h1:mRqEX+O9/h5TFCrQhkgjo2yKi0yYA+9ecGkdQoHrywE=
